
Microsoft Visual Studio Solution File, Format Version 12.00
# Visual Studio Version 16
VisualStudioVersion = 16.0.30114.105
MinimumVisualStudioVersion = 10.0.40219.1
Project("{9A19103F-16F7-4668-BE54-9A1E7A4F7556}") = "CV19", "CV19\CV19.csproj", "{C0B0E45E-8DFE-4314-91CC-5FB04C74DFE7}"
EndProject
Project("{2150E333-8FDC-42A3-9474-1A3956D46DE8}") = "Tests", "Tests", "{D28F7029-44AB-4EE2-A4CF-C31239156895}"
EndProject
Project("{FAE04EC0-301F-11D3-BF4B-00C04F79EFBC}") = "CV19Console", "CV19Console\CV19Console.csproj", "{7685500C-5ADB-4C60-AEC2-8586AA579B74}"
EndProject
Global
	GlobalSection(SolutionConfigurationPlatforms) = preSolution
		Debug|Any CPU = Debug|Any CPU
		Release|Any CPU = Release|Any CPU
	EndGlobalSection
	GlobalSection(ProjectConfigurationPlatforms) = postSolution
		{C0B0E45E-8DFE-4314-91CC-5FB04C74DFE7}.Debug|Any CPU.ActiveCfg = Debug|Any CPU
		{C0B0E45E-8DFE-4314-91CC-5FB04C74DFE7}.Debug|Any CPU.Build.0 = Debug|Any CPU
		{C0B0E45E-8DFE-4314-91CC-5FB04C74DFE7}.Release|Any CPU.ActiveCfg = Release|Any CPU
		{C0B0E45E-8DFE-4314-91CC-5FB04C74DFE7}.Release|Any CPU.Build.0 = Release|Any CPU
		{7685500C-5ADB-4C60-AEC2-8586AA579B74}.Debug|Any CPU.ActiveCfg = Debug|Any CPU
		{7685500C-5ADB-4C60-AEC2-8586AA579B74}.Debug|Any CPU.Build.0 = Debug|Any CPU
		{7685500C-5ADB-4C60-AEC2-8586AA579B74}.Release|Any CPU.ActiveCfg = Release|Any CPU
		{7685500C-5ADB-4C60-AEC2-8586AA579B74}.Release|Any CPU.Build.0 = Release|Any CPU
	EndGlobalSection
	GlobalSection(SolutionProperties) = preSolution
		HideSolutionNode = FALSE
	EndGlobalSection
	GlobalSection(NestedProjects) = preSolution
		{7685500C-5ADB-4C60-AEC2-8586AA579B74} = {D28F7029-44AB-4EE2-A4CF-C31239156895}
	EndGlobalSection
	GlobalSection(ExtensibilityGlobals) = postSolution
		SolutionGuid = {2EC23787-8FFB-49DE-8A68-B7724BDA60C8}
	EndGlobalSection
EndGlobal
